# THIS IS AN AUTOGENERATED FILE. DO NOT EDIT THIS FILE DIRECTLY.
# yarn lockfile v1
debug@^2.6.0:
  version "2.6.0"
  resolved "https://registry.yarnpkg.com/debug/-/debug-2.6.0.tgz#bc596bcabe7617f11d9fa15361eded5608b8499b"
  dependencies:
    ms "0.7.2"

iconv-lite@^0.4.15:
  version "0.4.15"
  resolved "https://registry.yarnpkg.com/iconv-lite/-/iconv-lite-0.4.15.tgz#fe265a218ac6a57cfe854927e9d04c19825eddeb"

ms@0.7.2:
  version "0.7.2"
  resolved "https://registry.yarnpkg.com/ms/-/ms-0.7.2.tgz#ae25cf2512b3885a1d95d7f037868d8431124765"

random-ua@0.0.6:
  version "0.0.6"
  resolved "https://registry.yarnpkg.com/random-ua/-/random-ua-0.0.6.tgz#eb70901b72a4fe0b8d3ab752a6b25122e40c0ad7"

req-fast:
  version "0.2.17"
  resolved "https://registry.yarnpkg.com/req-fast/-/req-fast-0.2.17.tgz#742262ea6ac6f17c36ebe8c920789cec3024da3f"
  dependencies:
    debug "^2.6.0"
    iconv-lite "^0.4.15"
    random-ua "0.0.6"
    tunnel2 "0.0.4"
    urijs "^1.18.4"

semver:
  version "5.3.0"
  resolved "https://registry.yarnpkg.com/semver/-/semver-5.3.0.tgz#9b2ce5d3de02d17c6012ad326aa6b4d0cf54f94f"

tunnel2@0.0.4:
  version "0.0.4"
  resolved "https://registry.yarnpkg.com/tunnel2/-/tunnel2-0.0.4.tgz#3a5dac41eec5151a456d49fd88a052d9587c22bb"

urijs@^1.18.4:
  version "1.18.4"
  resolved "https://registry.yarnpkg.com/urijs/-/urijs-1.18.4.tgz#0c97a17a0b0e4a2e635a565c2f16c0f180605e28"

